<?xml version="1.0" encoding="utf-8"?>
<Project ToolsVersion="4.0" xmlns="http://schemas.microsoft.com/developer/msbuild/2003">
  <ItemGroup>
    <Filter Include="源文件">
      <UniqueIdentifier>{4FC737F1-C7A5-4376-A066-2A32D752A2FF}</UniqueIdentifier>
      <Extensions>cpp;c;cc;cxx;def;odl;idl;hpj;bat;asm;asmx</Extensions>
    </Filter>
    <Filter Include="头文件">
      <UniqueIdentifier>{93995380-89BD-4b04-88EB-625FBE52EBFB}</UniqueIdentifier>
      <Extensions>h;hh;hpp;hxx;hm;inl;inc;ipp;xsd</Extensions>
    </Filter>
    <Filter Include="资源文件">
      <UniqueIdentifier>{67DA6AB6-F800-4c08-8B7A-83BB121AAD01}</UniqueIdentifier>
      <Extensions>rc;ico;cur;bmp;dlg;rc2;rct;bin;rgs;gif;jpg;jpeg;jpe;resx;tiff;tif;png;wav;mfcribbon-ms</Extensions>
    </Filter>
    <Filter Include="头文件\attach">
      <UniqueIdentifier>{4777ef81-bc25-45d9-b5a2-9ab807f90ba7}</UniqueIdentifier>
    </Filter>
    <Filter Include="源文件\attach">
      <UniqueIdentifier>{d404c376-0c98-44de-815d-302a9c60d79d}</UniqueIdentifier>
    </Filter>
  </ItemGroup>
  <ItemGroup>
    <ClInclude Include="ShadowApp.h">
      <Filter>头文件</Filter>
    </ClInclude>
    <ClInclude Include="..\..\..\DX12Common\CubeRenderTarget.h">
      <Filter>头文件\attach</Filter>
    </ClInclude>
    <ClInclude Include="..\..\..\DX12Common\D3D12App.h">
      <Filter>头文件\attach</Filter>
    </ClInclude>
    <ClInclude Include="..\..\..\DX12Common\D3D12Camera.h">
      <Filter>头文件\attach</Filter>
    </ClInclude>
    <ClInclude Include="..\..\..\DX12Common\D3D12Util.h">
      <Filter>头文件\attach</Filter>
    </ClInclude>
    <ClInclude Include="..\..\..\DX12Common\FrameResource.h">
      <Filter>头文件\attach</Filter>
    </ClInclude>
    <ClInclude Include="..\..\..\DX12Common\GameTimer.h">
      <Filter>头文件\attach</Filter>
    </ClInclude>
    <ClInclude Include="..\..\..\DX12Common\GeometryGenerator.h">
      <Filter>头文件\attach</Filter>
    </ClInclude>
    <ClInclude Include="..\..\..\DX12Common\MathHelper.h">
      <Filter>头文件\attach</Filter>
    </ClInclude>
    <ClInclude Include="..\..\..\DX12Common\UploadBuffer.h">
      <Filter>头文件\attach</Filter>
    </ClInclude>
    <ClInclude Include="..\..\..\DX12Common\Waves.h">
      <Filter>头文件\attach</Filter>
    </ClInclude>
    <ClInclude Include="..\..\..\DX12Common\Win32Application.h">
      <Filter>头文件\attach</Filter>
    </ClInclude>
    <ClInclude Include="..\..\..\DX12Common\ShadowMap.h">
      <Filter>头文件\attach</Filter>
    </ClInclude>
  </ItemGroup>
  <ItemGroup>
    <ClCompile Include="ShadowApp.cpp">
      <Filter>源文件</Filter>
    </ClCompile>
    <ClCompile Include="main.cpp">
      <Filter>源文件</Filter>
    </ClCompile>
    <ClCompile Include="..\..\..\DX12Common\CubeRenderTarget.cpp">
      <Filter>源文件\attach</Filter>
    </ClCompile>
    <ClCompile Include="..\..\..\DX12Common\D3D12App.cpp">
      <Filter>源文件\attach</Filter>
    </ClCompile>
    <ClCompile Include="..\..\..\DX12Common\D3D12Camera.cpp">
      <Filter>源文件\attach</Filter>
    </ClCompile>
    <ClCompile Include="..\..\..\DX12Common\D3D12Util.cpp">
      <Filter>源文件\attach</Filter>
    </ClCompile>
    <ClCompile Include="..\..\..\DX12Common\FrameResource.cpp">
      <Filter>源文件\attach</Filter>
    </ClCompile>
    <ClCompile Include="..\..\..\DX12Common\GameTimer.cpp">
      <Filter>源文件\attach</Filter>
    </ClCompile>
    <ClCompile Include="..\..\..\DX12Common\GeometryGenerator.cpp">
      <Filter>源文件\attach</Filter>
    </ClCompile>
    <ClCompile Include="..\..\..\DX12Common\MathHelper.cpp">
      <Filter>源文件\attach</Filter>
    </ClCompile>
    <ClCompile Include="..\..\..\DX12Common\Waves.cpp">
      <Filter>源文件\attach</Filter>
    </ClCompile>
    <ClCompile Include="..\..\..\DX12Common\Win32Application.cpp">
      <Filter>源文件\attach</Filter>
    </ClCompile>
    <ClCompile Include="..\..\..\DX12Common\ShadowMap.cpp">
      <Filter>源文件\attach</Filter>
    </ClCompile>
  </ItemGroup>
</Project>